Microsoft Visual Studio Solution File, Format Version 12.00
# Visual Studio Version 17
VisualStudioVersion = 17.5.2.0
MinimumVisualStudioVersion = 10.0.40219.1
Project("{FAE04EC0-301F-11D3-BF4B-00C04F79EFBC}") = "RemoveMultiplayerPlayerLimit", "RemoveMultiplayerPlayerLimit.csproj", "{563ECD4A-0E0E-738E-C815-5B08054F4CBA}"
EndProject
Project("{2150E333-8FDC-42A3-9474-1A3956D46DE8}") = "tests", "tests", "{0AB3BF05-4346-4AA6-1389-037BE0695223}"
EndProject
Project("{FAE04EC0-301F-11D3-BF4B-00C04F79EFBC}") = "RemoveMultiplayerPlayerLimit.Tests", "tests\RemoveMultiplayerPlayerLimit.Tests.csproj", "{3DA462D6-9DEC-4142-8EBB-B0AB7397CEC5}"
EndProject
Global
	GlobalSection(SolutionConfigurationPlatforms) = preSolution
		Debug|Any CPU = Debug|Any CPU
		Debug|x64 = Debug|x64
		Debug|x86 = Debug|x86
		Release|Any CPU = Release|Any CPU
		Release|x64 = Release|x64
		Release|x86 = Release|x86
	EndGlobalSection
	GlobalSection(ProjectConfigurationPlatforms) = postSolution
		{563ECD4A-0E0E-738E-C815-5B08054F4CBA}.Debug|Any CPU.ActiveCfg = Debug|Any CPU
		{563ECD4A-0E0E-738E-C815-5B08054F4CBA}.Debug|Any CPU.Build.0 = Debug|Any CPU
		{563ECD4A-0E0E-738E-C815-5B08054F4CBA}.Debug|x64.ActiveCfg = Debug|Any CPU
		{563ECD4A-0E0E-738E-C815-5B08054F4CBA}.Debug|x64.Build.0 = Debug|Any CPU
		{563ECD4A-0E0E-738E-C815-5B08054F4CBA}.Debug|x86.ActiveCfg = Debug|Any CPU
		{563ECD4A-0E0E-738E-C815-5B08054F4CBA}.Debug|x86.Build.0 = Debug|Any CPU
		{563ECD4A-0E0E-738E-C815-5B08054F4CBA}.Release|Any CPU.ActiveCfg = Release|Any CPU
		{563ECD4A-0E0E-738E-C815-5B08054F4CBA}.Release|Any CPU.Build.0 = Release|Any CPU
		{563ECD4A-0E0E-738E-C815-5B08054F4CBA}.Release|x64.ActiveCfg = Release|Any CPU
		{563ECD4A-0E0E-738E-C815-5B08054F4CBA}.Release|x64.Build.0 = Release|Any CPU
		{563ECD4A-0E0E-738E-C815-5B08054F4CBA}.Release|x86.ActiveCfg = Release|Any CPU
		{563ECD4A-0E0E-738E-C815-5B08054F4CBA}.Release|x86.Build.0 = Release|Any CPU
		{3DA462D6-9DEC-4142-8EBB-B0AB7397CEC5}.Debug|Any CPU.ActiveCfg = Debug|Any CPU
		{3DA462D6-9DEC-4142-8EBB-B0AB7397CEC5}.Debug|Any CPU.Build.0 = Debug|Any CPU
		{3DA462D6-9DEC-4142-8EBB-B0AB7397CEC5}.Debug|x64.ActiveCfg = Debug|Any CPU
		{3DA462D6-9DEC-4142-8EBB-B0AB7397CEC5}.Debug|x64.Build.0 = Debug|Any CPU
		{3DA462D6-9DEC-4142-8EBB-B0AB7397CEC5}.Debug|x86.ActiveCfg = Debug|Any CPU
		{3DA462D6-9DEC-4142-8EBB-B0AB7397CEC5}.Debug|x86.Build.0 = Debug|Any CPU
		{3DA462D6-9DEC-4142-8EBB-B0AB7397CEC5}.Release|Any CPU.ActiveCfg = Release|Any CPU
		{3DA462D6-9DEC-4142-8EBB-B0AB7397CEC5}.Release|Any CPU.Build.0 = Release|Any CPU
		{3DA462D6-9DEC-4142-8EBB-B0AB7397CEC5}.Release|x64.ActiveCfg = Release|Any CPU
		{3DA462D6-9DEC-4142-8EBB-B0AB7397CEC5}.Release|x64.Build.0 = Release|Any CPU
		{3DA462D6-9DEC-4142-8EBB-B0AB7397CEC5}.Release|x86.ActiveCfg = Release|Any CPU
		{3DA462D6-9DEC-4142-8EBB-B0AB7397CEC5}.Release|x86.Build.0 = Release|Any CPU
	EndGlobalSection
	GlobalSection(SolutionProperties) = preSolution
		HideSolutionNode = FALSE
	EndGlobalSection
	GlobalSection(NestedProjects) = preSolution
		{3DA462D6-9DEC-4142-8EBB-B0AB7397CEC5} = {0AB3BF05-4346-4AA6-1389-037BE0695223}
	EndGlobalSection
	GlobalSection(ExtensibilityGlobals) = postSolution
		SolutionGuid = {3C17F566-DDC6-4389-9386-1C8A9E7B8A26}
	EndGlobalSection
EndGlobal
